// !$*UTF8*$!
{
	archiveVersion = 1;
	classes = {
	};
	objectVersion = 46;
	objects = {

/* Begin PBXBuildFile section */
		6C6F13551ACFC9A70096B45B /* main.m in Sources */ = {isa = PBXBuildFile; fileRef = 6C6F13541ACFC9A70096B45B /* main.m */; };
		6C6F13581ACFC9A70096B45B /* AppDelegate.m in Sources */ = {isa = PBXBuildFile; fileRef = 6C6F13571ACFC9A70096B45B /* AppDelegate.m */; };
		6C6F135B1ACFC9A70096B45B /* ViewController.m in Sources */ = {isa = PBXBuildFile; fileRef = 6C6F135A1ACFC9A70096B45B /* ViewController.m */; };
		6C6F135E1ACFC9A70096B45B /* Main.storyboard in Resources */ = {isa = PBXBuildFile; fileRef = 6C6F135C1ACFC9A70096B45B /* Main.storyboard */; };
		6C6F13601ACFC9A70096B45B /* Images.xcassets in Resources */ = {isa = PBXBuildFile; fileRef = 6C6F135F1ACFC9A70096B45B /* Images.xcassets */; };
		6C6F13631ACFC9A70096B45B /* LaunchScreen.xib in Resources */ = {isa = PBXBuildFile; fileRef = 6C6F13611ACFC9A70096B45B /* LaunchScreen.xib */; };
		6C6F136F1ACFC9A80096B45B /* Homework_24_DrawingsTests.m in Sources */ = {isa = PBXBuildFile; fileRef = 6C6F136E1ACFC9A80096B45B /* Homework_24_DrawingsTests.m */; };
		6C6F137D1ACFD99D0096B45B /* myDrawingClass.m in Sources */ = {isa = PBXBuildFile; fileRef = 6C6F137C1ACFD99D0096B45B /* myDrawingClass.m */; };
/* End PBXBuildFile section */

/* Begin PBXContainerItemProxy section */
		6C6F13691ACFC9A80096B45B /* PBXContainerItemProxy */ = {
			isa = PBXContainerItemProxy;
			containerPortal = 6C6F13471ACFC9A70096B45B /* Project object */;
			proxyType = 1;
			remoteGlobalIDString = 6C6F134E1ACFC9A70096B45B;
			remoteInfo = Homework_24_Drawings;
		};
/* End PBXContainerItemProxy section */

/* Begin PBXFileReference section */
		6C6F134F1ACFC9A70096B45B /* Homework_24_Drawings.app */ = {isa = PBXFileReference; explicitFileType = wrapper.application; includeInIndex = 0; path = Homework_24_Drawings.app; sourceTree = BUILT_PRODUCTS_DIR; };
		6C6F13531ACFC9A70096B45B /* Info.plist */ = {isa = PBXFileReference; lastKnownFileType = text.plist.xml; path = Info.plist; sourceTree = "<group>"; };
		6C6F13541ACFC9A70096B45B /* main.m */ = {isa = PBXFileReference; lastKnownFileType = sourcecode.c.objc; path = main.m; sourceTree = "<group>"; };
		6C6F13561ACFC9A70096B45B /* AppDelegate.h */ = {isa = PBXFileReference; lastKnownFileType = sourcecode.c.h; path = AppDelegate.h; sourceTree = "<group>"; };
		6C6F13571ACFC9A70096B45B /* AppDelegate.m */ = {isa = PBXFileReference; lastKnownFileType = sourcecode.c.objc; path = AppDelegate.m; sourceTree = "<group>"; };
		6C6F13591ACFC9A70096B45B /* ViewController.h */ = {isa = PBXFileReference; lastKnownFileType = sourcecode.c.h; path = ViewController.h; sourceTree = "<group>"; };
		6C6F135A1ACFC9A70096B45B /* ViewController.m */ = {isa = PBXFileReference; lastKnownFileType = sourcecode.c.objc; path = ViewController.m; sourceTree = "<group>"; };
		6C6F135D1ACFC9A70096B45B /* Base */ = {isa = PBXFileReference; lastKnownFileType = file.storyboard; name = Base; path = Base.lproj/Main.storyboard; sourceTree = "<group>"; };
		6C6F135F1ACFC9A70096B45B /* Images.xcassets */ = {isa = PBXFileReference; lastKnownFileType = folder.assetcatalog; path = Images.xcassets; sourceTree = "<group>"; };
		6C6F13621ACFC9A70096B45B /* Base */ = {isa = PBXFileReference; lastKnownFileType = file.xib; name = Base; path = Base.lproj/LaunchScreen.xib; sourceTree = "<group>"; };
		6C6F13681ACFC9A80096B45B /* Homework_24_DrawingsTests.xctest */ = {isa = PBXFileReference; explicitFileType = wrapper.cfbundle; includeInIndex = 0; path = Homework_24_DrawingsTests.xctest; sourceTree = BUILT_PRODUCTS_DIR; };
		6C6F136D1ACFC9A80096B45B /* Info.plist */ = {isa = PBXFileReference; lastKnownFileType = text.plist.xml; path = Info.plist; sourceTree = "<group>"; };
		6C6F136E1ACFC9A80096B45B /* Homework_24_DrawingsTests.m */ = {isa = PBXFileReference; lastKnownFileType = sourcecode.c.objc; path = Homework_24_DrawingsTests.m; sourceTree = "<group>"; };
		6C6F137B1ACFD99D0096B45B /* myDrawingClass.h */ = {isa = PBXFileReference; fileEncoding = 4; lastKnownFileType = sourcecode.c.h; path = myDrawingClass.h; sourceTree = "<group>"; };
		6C6F137C1ACFD99D0096B45B /* myDrawingClass.m */ = {isa = PBXFileReference; fileEncoding = 4; lastKnownFileType = sourcecode.c.objc; path = myDrawingClass.m; sourceTree = "<group>"; };
/* End PBXFileReference section */

/* Begin PBXFrameworksBuildPhase section */
		6C6F134C1ACFC9A70096B45B /* Frameworks */ = {
			isa = PBXFrameworksBuildPhase;
			buildActionMask = 2147483647;
			files = (
			);
			runOnlyForDeploymentPostprocessing = 0;
		};
		6C6F13651ACFC9A80096B45B /* Frameworks */ = {
			isa = PBXFrameworksBuildPhase;
			buildActionMask = 2147483647;
			files = (
			);
			runOnlyForDeploymentPostprocessing = 0;
		};
/* End PBXFrameworksBuildPhase section */

/* Begin PBXGroup section */
		6C6F13461ACFC9A70096B45B = {
			isa = PBXGroup;
			children = (
				6C6F13511ACFC9A70096B45B /* Homework_24_Drawings */,
			);
			sourceTree = "<group>";
		};
		6C6F13501ACFC9A70096B45B /* Products */ = {
			isa = PBXGroup;
			children = (
				6C6F134F1ACFC9A70096B45B /* Homework_24_Drawings.app */,
				6C6F13681ACFC9A80096B45B /* Homework_24_DrawingsTests.xctest */,
			);
			name = Products;
			path = ..;
			sourceTree = "<group>";
		};
		6C6F13511ACFC9A70096B45B /* Homework_24_Drawings */ = {
			isa = PBXGroup;
			children = (
				6C6F13561ACFC9A70096B45B /* AppDelegate.h */,
				6C6F13571ACFC9A70096B45B /* AppDelegate.m */,
				6C6F13591ACFC9A70096B45B /* ViewController.h */,
				6C6F135A1ACFC9A70096B45B /* ViewController.m */,
				6C6F137B1ACFD99D0096B45B /* myDrawingClass.h */,
				6C6F137C1ACFD99D0096B45B /* myDrawingClass.m */,
				6C6F135C1ACFC9A70096B45B /* Main.storyboard */,
				6C6F13521ACFC9A70096B45B /* Supporting Files */,
			);
			path = Homework_24_Drawings;
			sourceTree = "<group>";
		};
		6C6F13521ACFC9A70096B45B /* Supporting Files */ = {
			isa = PBXGroup;
			children = (
				6C6F136B1ACFC9A80096B45B /* Homework_24_DrawingsTests */,
				6C6F13501ACFC9A70096B45B /* Products */,
				6C6F135F1ACFC9A70096B45B /* Images.xcassets */,
				6C6F13611ACFC9A70096B45B /* LaunchScreen.xib */,
				6C6F13531ACFC9A70096B45B /* Info.plist */,
				6C6F13541ACFC9A70096B45B /* main.m */,
			);
			name = "Supporting Files";
			sourceTree = "<group>";
		};
		6C6F136B1ACFC9A80096B45B /* Homework_24_DrawingsTests */ = {
			isa = PBXGroup;
			children = (
				6C6F136E1ACFC9A80096B45B /* Homework_24_DrawingsTests.m */,
				6C6F136C1ACFC9A80096B45B /* Supporting Files */,
			);
			path = Homework_24_DrawingsTests;
			sourceTree = SOURCE_ROOT;
		};
		6C6F136C1ACFC9A80096B45B /* Supporting Files */ = {
			isa = PBXGroup;
			children = (
				6C6F136D1ACFC9A80096B45B /* Info.plist */,
			);
			name = "Supporting Files";
			sourceTree = "<group>";
		};
/* End PBXGroup section */

/* Begin PBXNativeTarget section */
		6C6F134E1ACFC9A70096B45B /* Homework_24_Drawings */ = {
			isa = PBXNativeTarget;
			buildConfigurationList = 6C6F13721ACFC9A80096B45B /* Build configuration list for PBXNativeTarget "Homework_24_Drawings" */;
			buildPhases = (
				6C6F134B1ACFC9A70096B45B /* Sources */,
				6C6F134C1ACFC9A70096B45B /* Frameworks */,
				6C6F134D1ACFC9A70096B45B /* Resources */,
			);
			buildRules = (
			);
			dependencies = (
			);
			name = Homework_24_Drawings;
			productName = Homework_24_Drawings;
			productReference = 6C6F134F1ACFC9A70096B45B /* Homework_24_Drawings.app */;
			productType = "com.apple.product-type.application";
		};
		6C6F13671ACFC9A80096B45B /* Homework_24_DrawingsTests */ = {
			isa = PBXNativeTarget;
			buildConfigurationList = 6C6F13751ACFC9A80096B45B /* Build configuration list for PBXNativeTarget "Homework_24_DrawingsTests" */;
			buildPhases = (
				6C6F13641ACFC9A80096B45B /* Sources */,
				6C6F13651ACFC9A80096B45B /* Frameworks */,
				6C6F13661ACFC9A80096B45B /* Resources */,
			);
			buildRules = (
			);
			dependencies = (
				6C6F136A1ACFC9A80096B45B /* PBXTargetDependency */,
			);
			name = Homework_24_DrawingsTests;
			productName = Homework_24_DrawingsTests;
			productReference = 6C6F13681ACFC9A80096B45B /* Homework_24_DrawingsTests.xctest */;
			productType = "com.apple.product-type.bundle.unit-test";
		};
/* End PBXNativeTarget section */

/* Begin PBXProject section */
		6C6F13471ACFC9A70096B45B /* Project object */ = {
			isa = PBXProject;
			attributes = {
				LastUpgradeCheck = 0610;
				ORGANIZATIONNAME = hh;
				TargetAttributes = {
					6C6F134E1ACFC9A70096B45B = {
						CreatedOnToolsVersion = 6.1;
					};
					6C6F13671ACFC9A80096B45B = {
						CreatedOnToolsVersion = 6.1;
						TestTargetID = 6C6F134E1ACFC9A70096B45B;
					};
				};
			};
			buildConfigurationList = 6C6F134A1ACFC9A70096B45B /* Build configuration list for PBXProject "Homework_24_Drawings" */;
			compatibilityVersion = "Xcode 3.2";
			developmentRegion = English;
			hasScannedForEncodings = 0;
			knownRegions = (
				en,
				Base,
			);
			mainGroup = 6C6F13461ACFC9A70096B45B;
			productRefGroup = 6C6F13501ACFC9A70096B45B /* Products */;
			projectDirPath = "";
			projectRoot = "";
			targets = (
				6C6F134E1ACFC9A70096B45B /* Homework_24_Drawings */,
				6C6F13671ACFC9A80096B45B /* Homework_24_DrawingsTests */,
			);
		};
/* End PBXProject section */

/* Begin PBXResourcesBuildPhase section */
		6C6F134D1ACFC9A70096B45B /* Resources */ = {
			isa = PBXResourcesBuildPhase;
			buildActionMask = 2147483647;
			files = (
				6C6F135E1ACFC9A70096B45B /* Main.storyboard in Resources */,
				6C6F13631ACFC9A70096B45B /* LaunchScreen.xib in Resources */,
				6C6F13601ACFC9A70096B45B /* Images.xcassets in Resources */,
			);
			runOnlyForDeploymentPostprocessing = 0;
		};
		6C6F13661ACFC9A80096B45B /* Resources */ = {
			isa = PBXResourcesBuildPhase;
			buildActionMask = 2147483647;
			files = (
			);
			runOnlyForDeploymentPostprocessing = 0;
		};
/* End PBXResourcesBuildPhase section */

/* Begin PBXSourcesBuildPhase section */
		6C6F134B1ACFC9A70096B45B /* Sources */ = {
			isa = PBXSourcesBuildPhase;
			buildActionMask = 2147483647;
			files = (
				6C6F135B1ACFC9A70096B45B /* ViewController.m in Sources */,
				6C6F13581ACFC9A70096B45B /* AppDelegate.m in Sources */,
				6C6F13551ACFC9A70096B45B /* main.m in Sources */,
				6C6F137D1ACFD99D0096B45B /* myDrawingClass.m in Sources */,
			);
			runOnlyForDeploymentPostprocessing = 0;
		};
		6C6F13641ACFC9A80096B45B /* Sources */ = {
			isa = PBXSourcesBuildPhase;
			buildActionMask = 2147483647;
			files = (
				6C6F136F1ACFC9A80096B45B /* Homework_24_DrawingsTests.m in Sources */,
			);
			runOnlyForDeploymentPostprocessing = 0;
		};
/* End PBXSourcesBuildPhase section */

/* Begin PBXTargetDependency section */
		6C6F136A1ACFC9A80096B45B /* PBXTargetDependency */ = {
			isa = PBXTargetDependency;
			target = 6C6F134E1ACFC9A70096B45B /* Homework_24_Drawings */;
			targetProxy = 6C6F13691ACFC9A80096B45B /* PBXContainerItemProxy */;
		};
/* End PBXTargetDependency section */

/* Begin PBXVariantGroup section */
		6C6F135C1ACFC9A70096B45B /* Main.storyboard */ = {
			isa = PBXVariantGroup;
			children = (
				6C6F135D1ACFC9A70096B45B /* Base */,
			);
			name = Main.storyboard;
			sourceTree = "<group>";
		};
		6C6F13611ACFC9A70096B45B /* LaunchScreen.xib */ = {
			isa = PBXVariantGroup;
			children = (
				6C6F13621ACFC9A70096B45B /* Base */,
			);
			name = LaunchScreen.xib;
			sourceTree = "<group>";
		};
/* End PBXVariantGroup section */

/* Begin XCBuildConfiguration section */
		6C6F13701ACFC9A80096B45B /* Debug */ = {
			isa = XCBuildConfiguration;
			buildSettings = {
				ALWAYS_SEARCH_USER_PATHS = NO;
				CLANG_CXX_LANGUAGE_STANDARD = "gnu++0x";
				CLANG_CXX_LIBRARY = "libc++";
				CLANG_ENABLE_MODULES = YES;
				CLANG_ENABLE_OBJC_ARC = YES;
				CLANG_WARN_BOOL_CONVERSION = YES;
				CLANG_WARN_CONSTANT_CONVERSION = YES;
				CLANG_WARN_DIRECT_OBJC_ISA_USAGE = YES_ERROR;
				CLANG_WARN_EMPTY_BODY = YES;
				CLANG_WARN_ENUM_CONVERSION = YES;
				CLANG_WARN_INT_CONVERSION = YES;
				CLANG_WARN_OBJC_ROOT_CLASS = YES_ERROR;
				CLANG_WARN_UNREACHABLE_CODE = YES;
				CLANG_WARN__DUPLICATE_METHOD_MATCH = YES;
				"CODE_SIGN_IDENTITY[sdk=iphoneos*]" = "iPhone Developer";
				COPY_PHASE_STRIP = NO;
				ENABLE_STRICT_OBJC_MSGSEND = YES;
				GCC_C_LANGUAGE_STANDARD = gnu99;
				GCC_DYNAMIC_NO_PIC = NO;
				GCC_OPTIMIZATION_LEVEL = 0;
				GCC_PREPROCESSOR_DEFINITIONS = (
					"DEBUG=1",
					"$(inherited)",
				);
				GCC_SYMBOLS_PRIVATE_EXTERN = NO;
				GCC_WARN_64_TO_32_BIT_CONVERSION = YES;
				GCC_WARN_ABOUT_RETURN_TYPE = YES_ERROR;
				GCC_WARN_UNDECLARED_SELECTOR = YES;
				GCC_WARN_UNINITIALIZED_AUTOS = YES_AGGRESSIVE;
				GCC_WARN_UNUSED_FUNCTION = YES;
				GCC_WARN_UNUSED_VARIABLE = YES;
				IPHONEOS_DEPLOYMENT_TARGET = 8.1;
				MTL_ENABLE_DEBUG_INFO = YES;
				ONLY_ACTIVE_ARCH = YES;
				SDKROOT = iphoneos;
				TARGETED_DEVICE_FAMILY = 2;
			};
			name = Debug;
		};
		6C6F13711ACFC9A80096B45B /* Release */ = {
			isa = XCBuildConfiguration;
			buildSettings = {
				ALWAYS_SEARCH_USER_PATHS = NO;
				CLANG_CXX_LANGUAGE_STANDARD = "gnu++0x";
				CLANG_CXX_LIBRARY = "libc++";
				CLANG_ENABLE_MODULES = YES;
				CLANG_ENABLE_OBJC_ARC = YES;
				CLANG_WARN_BOOL_CONVERSION = YES;
				CLANG_WARN_CONSTANT_CONVERSION = YES;
				CLANG_WARN_DIRECT_OBJC_ISA_USAGE = YES_ERROR;
				CLANG_WARN_EMPTY_BODY = YES;
				CLANG_WARN_ENUM_CONVERSION = YES;
				CLANG_WARN_INT_CONVERSION = YES;
				CLANG_WARN_OBJC_ROOT_CLASS = YES_ERROR;
				CLANG_WARN_UNREACHABLE_CODE = YES;
				CLANG_WARN__DUPLICATE_METHOD_MATCH = YES;
				"CODE_SIGN_IDENTITY[sdk=iphoneos*]" = "iPhone Developer";
				COPY_PHASE_STRIP = YES;
				ENABLE_NS_ASSERTIONS = NO;
				ENABLE_STRICT_OBJC_MSGSEND = YES;
				GCC_C_LANGUAGE_STANDARD = gnu99;
				GCC_WARN_64_TO_32_BIT_CONVERSION = YES;
				GCC_WARN_ABOUT_RETURN_TYPE = YES_ERROR;
				GCC_WARN_UNDECLARED_SELECTOR = YES;
				GCC_WARN_UNINITIALIZED_AUTOS = YES_AGGRESSIVE;
				GCC_WARN_UNUSED_FUNCTION = YES;
				GCC_WARN_UNUSED_VARIABLE = YES;
				IPHONEOS_DEPLOYMENT_TARGET = 8.1;
				MTL_ENABLE_DEBUG_INFO = NO;
				SDKROOT = iphoneos;
				TARGETED_DEVICE_FAMILY = 2;
				VALIDATE_PRODUCT = YES;
			};
			name = Release;
		};
		6C6F13731ACFC9A80096B45B /* Debug */ = {
			isa = XCBuildConfiguration;
			buildSettings = {
				ASSETCATALOG_COMPILER_APPICON_NAME = AppIcon;
				INFOPLIST_FILE = Homework_24_Drawings/Info.plist;
				LD_RUNPATH_SEARCH_PATHS = "$(inherited) @executable_path/Frameworks";
				PRODUCT_NAME = "$(TARGET_NAME)";
			};
			name = Debug;
		};
		6C6F13741ACFC9A80096B45B /* Release */ = {
			isa = XCBuildConfiguration;
			buildSettings = {
				ASSETCATALOG_COMPILER_APPICON_NAME = AppIcon;
				INFOPLIST_FILE = Homework_24_Drawings/Info.plist;
				LD_RUNPATH_SEARCH_PATHS = "$(inherited) @executable_path/Frameworks";
				PRODUCT_NAME = "$(TARGET_NAME)";
			};
			name = Release;
		};
		6C6F13761ACFC9A80096B45B /* Debug */ = {
			isa = XCBuildConfiguration;
			buildSettings = {
				BUNDLE_LOADER = "$(TEST_HOST)";
				FRAMEWORK_SEARCH_PATHS = (
					"$(SDKROOT)/Developer/Library/Frameworks",
					"$(inherited)",
				);
				GCC_PREPROCESSOR_DEFINITIONS = (
					"DEBUG=1",
					"$(inherited)",
				);
				INFOPLIST_FILE = Homework_24_DrawingsTests/Info.plist;
				LD_RUNPATH_SEARCH_PATHS = "$(inherited) @executable_path/Frameworks @loader_path/Frameworks";
				PRODUCT_NAME = "$(TARGET_NAME)";
				TEST_HOST = "$(BUILT_PRODUCTS_DIR)/Homework_24_Drawings.app/Homework_24_Drawings";
			};
			name = Debug;
		};
		6C6F13771ACFC9A80096B45B /* Release */ = {
			isa = XCBuildConfiguration;
			buildSettings = {
				BUNDLE_LOADER = "$(TEST_HOST)";
				FRAMEWORK_SEARCH_PATHS = (
					"$(SDKROOT)/Developer/Library/Frameworks",
					"$(inherited)",
				);
				INFOPLIST_FILE = Homework_24_DrawingsTests/Info.plist;
				LD_RUNPATH_SEARCH_PATHS = "$(inherited) @executable_path/Frameworks @loader_path/Frameworks";
				PRODUCT_NAME = "$(TARGET_NAME)";
				TEST_HOST = "$(BUILT_PRODUCTS_DIR)/Homework_24_Drawings.app/Homework_24_Drawings";
			};
			name = Release;
		};
/* End XCBuildConfiguration section */

/* Begin XCConfigurationList section */
		6C6F134A1ACFC9A70096B45B /* Build configuration list for PBXProject "Homework_24_Drawings" */ = {
			isa = XCConfigurationList;
			buildConfigurations = (
				6C6F13701ACFC9A80096B45B /* Debug */,
				6C6F13711ACFC9A80096B45B /* Release */,
			);
			defaultConfigurationIsVisible = 0;
			defaultConfigurationName = Release;
		};
		6C6F13721ACFC9A80096B45B /* Build configuration list for PBXNativeTarget "Homework_24_Drawings" */ = {
			isa = XCConfigurationList;
			buildConfigurations = (
				6C6F13731ACFC9A80096B45B /* Debug */,
				6C6F13741ACFC9A80096B45B /* Release */,
			);
			defaultConfigurationIsVisible = 0;
			defaultConfigurationName = Release;
		};
		6C6F13751ACFC9A80096B45B /* Build configuration list for PBXNativeTarget "Homework_24_DrawingsTests" */ = {
			isa = XCConfigurationList;
			buildConfigurations = (
				6C6F13761ACFC9A80096B45B /* Debug */,
				6C6F13771ACFC9A80096B45B /* Release */,
			);
			defaultConfigurationIsVisible = 0;
			defaultConfigurationName = Release;
		};
/* End XCConfigurationList section */
	};
	rootObject = 6C6F13471ACFC9A70096B45B /* Project object */;
}
